
Microsoft Visual Studio Solution File, Format Version 12.00
# Visual Studio Version 17
VisualStudioVersion = 17.7.34024.191
MinimumVisualStudioVersion = 10.0.40219.1
Project("{9A19103F-16F7-4668-BE54-9A1E7A4F7556}") = "SeventhTask.API", "SeventhTask.API\SeventhTask.API.csproj", "{92761EB7-4CF3-4389-A165-17AFB7320901}"
EndProject
Project("{FAE04EC0-301F-11D3-BF4B-00C04F79EFBC}") = "SeventhTask.Infrastructure", "SeventhTask.Infrastructure\SeventhTask.Infrastructure.csproj", "{20D67F34-627F-4CC0-B32A-5B8CBDF19ABF}"
EndProject
Project("{FAE04EC0-301F-11D3-BF4B-00C04F79EFBC}") = "SeventhTask.Domain", "SeventhTask.Domain\SeventhTask.Domain.csproj", "{96F100EC-E196-474B-9B74-9FBA3CCBF9EC}"
EndProject
Global
	GlobalSection(SolutionConfigurationPlatforms) = preSolution
		Debug|Any CPU = Debug|Any CPU
		Release|Any CPU = Release|Any CPU
	EndGlobalSection
	GlobalSection(ProjectConfigurationPlatforms) = postSolution
		{92761EB7-4CF3-4389-A165-17AFB7320901}.Debug|Any CPU.ActiveCfg = Debug|Any CPU
		{92761EB7-4CF3-4389-A165-17AFB7320901}.Debug|Any CPU.Build.0 = Debug|Any CPU
		{92761EB7-4CF3-4389-A165-17AFB7320901}.Release|Any CPU.ActiveCfg = Release|Any CPU
		{92761EB7-4CF3-4389-A165-17AFB7320901}.Release|Any CPU.Build.0 = Release|Any CPU
		{20D67F34-627F-4CC0-B32A-5B8CBDF19ABF}.Debug|Any CPU.ActiveCfg = Debug|Any CPU
		{20D67F34-627F-4CC0-B32A-5B8CBDF19ABF}.Debug|Any CPU.Build.0 = Debug|Any CPU
		{20D67F34-627F-4CC0-B32A-5B8CBDF19ABF}.Release|Any CPU.ActiveCfg = Release|Any CPU
		{20D67F34-627F-4CC0-B32A-5B8CBDF19ABF}.Release|Any CPU.Build.0 = Release|Any CPU
		{96F100EC-E196-474B-9B74-9FBA3CCBF9EC}.Debug|Any CPU.ActiveCfg = Debug|Any CPU
		{96F100EC-E196-474B-9B74-9FBA3CCBF9EC}.Debug|Any CPU.Build.0 = Debug|Any CPU
		{96F100EC-E196-474B-9B74-9FBA3CCBF9EC}.Release|Any CPU.ActiveCfg = Release|Any CPU
		{96F100EC-E196-474B-9B74-9FBA3CCBF9EC}.Release|Any CPU.Build.0 = Release|Any CPU
	EndGlobalSection
	GlobalSection(SolutionProperties) = preSolution
		HideSolutionNode = FALSE
	EndGlobalSection
	GlobalSection(ExtensibilityGlobals) = postSolution
		SolutionGuid = {65BF55AD-8584-41B2-A0BE-4FC449D690FA}
	EndGlobalSection
EndGlobal
